
Microsoft Visual Studio Solution File, Format Version 12.00
# Visual Studio Version 17
VisualStudioVersion = 17.1.32228.430
MinimumVisualStudioVersion = 10.0.40219.1
Project("{FAE04EC0-301F-11D3-BF4B-00C04F79EFBC}") = "ConversorNumeros.Teste", "ConversorNumeros.Teste\ConversorNumeros.Teste.csproj", "{6837E54A-1ED3-46FF-9C47-9EE680C87D2F}"
EndProject
Project("{FAE04EC0-301F-11D3-BF4B-00C04F79EFBC}") = "ConversorNumeros.Domain", "ConversorNumeros.Domain\ConversorNumeros.Domain.csproj", "{BDE3413E-F4CB-4509-A29A-3A25B306A910}"
EndProject
Global
	GlobalSection(SolutionConfigurationPlatforms) = preSolution
		Debug|Any CPU = Debug|Any CPU
		Release|Any CPU = Release|Any CPU
	EndGlobalSection
	GlobalSection(ProjectConfigurationPlatforms) = postSolution
		{6837E54A-1ED3-46FF-9C47-9EE680C87D2F}.Debug|Any CPU.ActiveCfg = Debug|Any CPU
		{6837E54A-1ED3-46FF-9C47-9EE680C87D2F}.Debug|Any CPU.Build.0 = Debug|Any CPU
		{6837E54A-1ED3-46FF-9C47-9EE680C87D2F}.Release|Any CPU.ActiveCfg = Release|Any CPU
		{6837E54A-1ED3-46FF-9C47-9EE680C87D2F}.Release|Any CPU.Build.0 = Release|Any CPU
		{BDE3413E-F4CB-4509-A29A-3A25B306A910}.Debug|Any CPU.ActiveCfg = Debug|Any CPU
		{BDE3413E-F4CB-4509-A29A-3A25B306A910}.Debug|Any CPU.Build.0 = Debug|Any CPU
		{BDE3413E-F4CB-4509-A29A-3A25B306A910}.Release|Any CPU.ActiveCfg = Release|Any CPU
		{BDE3413E-F4CB-4509-A29A-3A25B306A910}.Release|Any CPU.Build.0 = Release|Any CPU
	EndGlobalSection
	GlobalSection(SolutionProperties) = preSolution
		HideSolutionNode = FALSE
	EndGlobalSection
	GlobalSection(ExtensibilityGlobals) = postSolution
		SolutionGuid = {0535ED27-B434-421C-988C-D4ABAD28FECF}
	EndGlobalSection
EndGlobal
